
Microsoft Visual Studio Solution File, Format Version 12.00
# Visual Studio 15
VisualStudioVersion = 15.0.28307.1340
MinimumVisualStudioVersion = 10.0.40219.1
Project("{FAE04EC0-301F-11D3-BF4B-00C04F79EFBC}") = "ConfigChangePipeLine", "ConfigChangePipeLine\ConfigChangePipeLine.csproj", "{4560ED0F-5747-4151-8C0D-430D49639E6A}"
EndProject
Global
	GlobalSection(SolutionConfigurationPlatforms) = preSolution
		Debug|Any CPU = Debug|Any CPU
		Release|Any CPU = Release|Any CPU
	EndGlobalSection
	GlobalSection(ProjectConfigurationPlatforms) = postSolution
		{4560ED0F-5747-4151-8C0D-430D49639E6A}.Debug|Any CPU.ActiveCfg = Debug|Any CPU
		{4560ED0F-5747-4151-8C0D-430D49639E6A}.Debug|Any CPU.Build.0 = Debug|Any CPU
		{4560ED0F-5747-4151-8C0D-430D49639E6A}.Release|Any CPU.ActiveCfg = Release|Any CPU
		{4560ED0F-5747-4151-8C0D-430D49639E6A}.Release|Any CPU.Build.0 = Release|Any CPU
	EndGlobalSection
	GlobalSection(SolutionProperties) = preSolution
		HideSolutionNode = FALSE
	EndGlobalSection
	GlobalSection(ExtensibilityGlobals) = postSolution
		SolutionGuid = {5C97C917-38B8-4D63-8025-39A053DEDA12}
	EndGlobalSection
EndGlobal
